
Microsoft Visual Studio Solution File, Format Version 12.00
# Visual Studio Version 17
VisualStudioVersion = 17.10.35027.167
MinimumVisualStudioVersion = 10.0.40219.1
Project("{2150E333-8FDC-42A3-9474-1A3956D46DE8}") = "BuildingBlocks", "BuildingBlocks", "{25F86F0E-1AA4-44EE-8F20-8657ED81CB1F}"
EndProject
Project("{9A19103F-16F7-4668-BE54-9A1E7A4F7556}") = "BuildingBlocks", "BuildingBlocks\BuildingBlocks\BuildingBlocks.csproj", "{AC946FF0-8B64-42B0-A72C-BE538937DEA9}"
EndProject
Project("{2150E333-8FDC-42A3-9474-1A3956D46DE8}") = "Services", "Services", "{BF32F5BA-CC46-4679-8E3F-7FAE79F3A564}"
EndProject
Project("{2150E333-8FDC-42A3-9474-1A3956D46DE8}") = "Catalog", "Catalog", "{9002838F-4114-410F-B908-020F0FB0124A}"
EndProject
Project("{9A19103F-16F7-4668-BE54-9A1E7A4F7556}") = "Catalog.API", "Services\Catalog\Catalog.API\Catalog.API.csproj", "{8290DA7D-087B-4238-9FF4-6E737FB94F95}"
EndProject
Project("{E53339B2-1760-4266-BCC7-CA923CBCF16C}") = "docker-compose", "docker-compose.dcproj", "{736E1240-D8F2-4683-9F54-D2CC2CF1CF51}"
EndProject
Global
	GlobalSection(SolutionConfigurationPlatforms) = preSolution
		Debug|Any CPU = Debug|Any CPU
		Release|Any CPU = Release|Any CPU
	EndGlobalSection
	GlobalSection(ProjectConfigurationPlatforms) = postSolution
		{AC946FF0-8B64-42B0-A72C-BE538937DEA9}.Debug|Any CPU.ActiveCfg = Debug|Any CPU
		{AC946FF0-8B64-42B0-A72C-BE538937DEA9}.Debug|Any CPU.Build.0 = Debug|Any CPU
		{AC946FF0-8B64-42B0-A72C-BE538937DEA9}.Release|Any CPU.ActiveCfg = Release|Any CPU
		{AC946FF0-8B64-42B0-A72C-BE538937DEA9}.Release|Any CPU.Build.0 = Release|Any CPU
		{8290DA7D-087B-4238-9FF4-6E737FB94F95}.Debug|Any CPU.ActiveCfg = Debug|Any CPU
		{8290DA7D-087B-4238-9FF4-6E737FB94F95}.Debug|Any CPU.Build.0 = Debug|Any CPU
		{8290DA7D-087B-4238-9FF4-6E737FB94F95}.Release|Any CPU.ActiveCfg = Release|Any CPU
		{8290DA7D-087B-4238-9FF4-6E737FB94F95}.Release|Any CPU.Build.0 = Release|Any CPU
		{736E1240-D8F2-4683-9F54-D2CC2CF1CF51}.Debug|Any CPU.ActiveCfg = Debug|Any CPU
		{736E1240-D8F2-4683-9F54-D2CC2CF1CF51}.Debug|Any CPU.Build.0 = Debug|Any CPU
		{736E1240-D8F2-4683-9F54-D2CC2CF1CF51}.Release|Any CPU.ActiveCfg = Release|Any CPU
		{736E1240-D8F2-4683-9F54-D2CC2CF1CF51}.Release|Any CPU.Build.0 = Release|Any CPU
	EndGlobalSection
	GlobalSection(SolutionProperties) = preSolution
		HideSolutionNode = FALSE
	EndGlobalSection
	GlobalSection(NestedProjects) = preSolution
		{AC946FF0-8B64-42B0-A72C-BE538937DEA9} = {25F86F0E-1AA4-44EE-8F20-8657ED81CB1F}
		{9002838F-4114-410F-B908-020F0FB0124A} = {BF32F5BA-CC46-4679-8E3F-7FAE79F3A564}
		{8290DA7D-087B-4238-9FF4-6E737FB94F95} = {9002838F-4114-410F-B908-020F0FB0124A}
	EndGlobalSection
	GlobalSection(ExtensibilityGlobals) = postSolution
		SolutionGuid = {365556C8-3996-4741-B3C4-4B18BF528345}
	EndGlobalSection
EndGlobal
